{
  "name": "mediaService",
  "lockfileVersion": 3,
  "requires": true,
  "packages": {
    "": {
      "dependencies": {
        "@editorjs/editorjs": "^2.30.8",
        "@editorjs/header": "^2.6.2",
        "@editorjs/image": "^2.10.3",
        "@editorjs/list": "^1.10.0",
        "@editorjs/paragraph": "^2.11.7",
        "@editorjs/quote": "^2.7.6"
      }
    },
    "node_modules/@codexteam/icons": {
      "version": "0.3.3",
      "resolved": "https://registry.npmjs.org/@codexteam/icons/-/icons-0.3.3.tgz",
      "integrity": "sha512-cp7mkZPgmBuSxigTm3Vb+DtVHYeX7qXfQd7o05vcLD8Ag5WvRlol2QSn5P10k0CDAJwmkH9nQGQLBycErS9lsQ=="
    },
    "node_modules/@editorjs/dom": {
      "version": "0.0.5",
      "resolved": "https://registry.npmjs.org/@editorjs/dom/-/dom-0.0.5.tgz",
      "integrity": "sha512-SZ78Gwpkp3EUhjBIp0lSojeQ35V9acF8SubJsMeOH/vlOUE40GOnvvwWZnF05lO7bIB0dOHhhJy4N7IIAWxP2w==",
      "dependencies": {
        "@editorjs/helpers": "^0.0.4"
      }
    },
    "node_modules/@editorjs/editorjs": {
      "version": "2.30.8",
      "resolved": "https://registry.npmjs.org/@editorjs/editorjs/-/editorjs-2.30.8.tgz",
      "integrity": "sha512-ClFuxI1qZTfXPJTacQfsJtOUP6bKoIe6BQNdAvGsDTDVwMnZEzoaSOwvUpdZEE56xppVfQueNK/1MElV9SJKHg=="
    },
    "node_modules/@editorjs/header": {
      "version": "2.6.2",
      "resolved": "https://registry.npmjs.org/@editorjs/header/-/header-2.6.2.tgz",
      "integrity": "sha512-U1dnT+KGjwFmpWneEEyR2Nqp42hn9iKwQDgRHWQM+y6qx82pg+eAyuIf0QWt2Mluu9uPD2CzNfvJ+pxIuwX8Lw=="
    },
    "node_modules/@editorjs/helpers": {
      "version": "0.0.4",
      "resolved": "https://registry.npmjs.org/@editorjs/helpers/-/helpers-0.0.4.tgz",
      "integrity": "sha512-ieg3dzo2m1/ELze/RMNADiAiC5amXxIlVXoJ5vvXITOu/p/dPsrF+Oi3h5gBYvtGk9vg5LJUSG5YWU0tBUO1tw=="
    },
    "node_modules/@editorjs/image": {
      "version": "2.10.3",
      "resolved": "https://registry.npmjs.org/@editorjs/image/-/image-2.10.3.tgz",
      "integrity": "sha512-ekCsGICZOIdghF/U2T34H7CItqaWAoJDXbkRD+x8l/LIo/7Ozf7KovYm21qz+CluArgV4RurVFHqwlz+O0vfJA==",
      "dependencies": {
        "@codexteam/icons": "^0.3.0"
      }
    },
    "node_modules/@editorjs/list": {
      "version": "1.10.0",
      "resolved": "https://registry.npmjs.org/@editorjs/list/-/list-1.10.0.tgz",
      "integrity": "sha512-zXCHaNcIscpefnteBOS3x+98f/qBgEVsv+OvtKoTDZipMNqck2uVG+X2qMQr8xcwtJrj9ySX54lUac9FDlAHnA==",
      "dependencies": {
        "@codexteam/icons": "^0.0.4"
      }
    },
    "node_modules/@editorjs/list/node_modules/@codexteam/icons": {
      "version": "0.0.4",
      "resolved": "https://registry.npmjs.org/@codexteam/icons/-/icons-0.0.4.tgz",
      "integrity": "sha512-V8N/TY2TGyas4wLrPIFq7bcow68b3gu8DfDt1+rrHPtXxcexadKauRJL6eQgfG7Z0LCrN4boLRawR4S9gjIh/Q=="
    },
    "node_modules/@editorjs/paragraph": {
      "version": "2.11.7",
      "resolved": "https://registry.npmjs.org/@editorjs/paragraph/-/paragraph-2.11.7.tgz",
      "integrity": "sha512-qD6bbWvRc4VvP0mXDOm+hOhzzhUYR9ZjcAvgCuKWcCbUMpCvhVF1s8NX40zdjekPi6JEnuHTamCncTrSzVsVhw==",
      "dependencies": {
        "@codexteam/icons": "^0.0.4"
      }
    },
    "node_modules/@editorjs/paragraph/node_modules/@codexteam/icons": {
      "version": "0.0.4",
      "resolved": "https://registry.npmjs.org/@codexteam/icons/-/icons-0.0.4.tgz",
      "integrity": "sha512-V8N/TY2TGyas4wLrPIFq7bcow68b3gu8DfDt1+rrHPtXxcexadKauRJL6eQgfG7Z0LCrN4boLRawR4S9gjIh/Q=="
    },
    "node_modules/@editorjs/quote": {
      "version": "2.7.6",
      "resolved": "https://registry.npmjs.org/@editorjs/quote/-/quote-2.7.6.tgz",
      "integrity": "sha512-D01KUMSDj2r+6Z+xjDkQqI+y6URpeHCvj0+P4pah+GtkG040lWjFb2H4pgHFXuol2cbfyAoraYSw85fuPheCvw==",
      "dependencies": {
        "@codexteam/icons": "^0.3.2",
        "@editorjs/dom": "^0.0.5"
      }
    }
  }
}
